
Microsoft Visual Studio Solution File, Format Version 12.00
# Visual Studio Version 16
VisualStudioVersion = 16.0.30907.101
MinimumVisualStudioVersion = 10.0.40219.1
Project("{FAE04EC0-301F-11D3-BF4B-00C04F79EFBC}") = "ReCapProject", "ReCapProject\ReCapProject.csproj", "{5339B20D-A9ED-4A23-8698-4F27451D2DC2}"
EndProject
Project("{FAE04EC0-301F-11D3-BF4B-00C04F79EFBC}") = "Entities", "Entities\Entities.csproj", "{51A1E0B6-D97A-4B50-9C33-96EFD24670A5}"
EndProject
Project("{FAE04EC0-301F-11D3-BF4B-00C04F79EFBC}") = "DataAccess", "DataAccess\DataAccess.csproj", "{051A942E-C29D-4B44-8855-F7FF54043C9E}"
EndProject
Project("{FAE04EC0-301F-11D3-BF4B-00C04F79EFBC}") = "Business", "Business\Business.csproj", "{18DA791B-08F2-425F-8810-E7F1228FAC46}"
EndProject
Project("{FAE04EC0-301F-11D3-BF4B-00C04F79EFBC}") = "Console", "Console\Console.csproj", "{F39F06FF-DE79-4726-B8AB-946A493A8ABB}"
EndProject
Global
	GlobalSection(SolutionConfigurationPlatforms) = preSolution
		Debug|Any CPU = Debug|Any CPU
		Release|Any CPU = Release|Any CPU
	EndGlobalSection
	GlobalSection(ProjectConfigurationPlatforms) = postSolution
		{5339B20D-A9ED-4A23-8698-4F27451D2DC2}.Debug|Any CPU.ActiveCfg = Debug|Any CPU
		{5339B20D-A9ED-4A23-8698-4F27451D2DC2}.Debug|Any CPU.Build.0 = Debug|Any CPU
		{5339B20D-A9ED-4A23-8698-4F27451D2DC2}.Release|Any CPU.ActiveCfg = Release|Any CPU
		{5339B20D-A9ED-4A23-8698-4F27451D2DC2}.Release|Any CPU.Build.0 = Release|Any CPU
		{51A1E0B6-D97A-4B50-9C33-96EFD24670A5}.Debug|Any CPU.ActiveCfg = Debug|Any CPU
		{51A1E0B6-D97A-4B50-9C33-96EFD24670A5}.Debug|Any CPU.Build.0 = Debug|Any CPU
		{51A1E0B6-D97A-4B50-9C33-96EFD24670A5}.Release|Any CPU.ActiveCfg = Release|Any CPU
		{51A1E0B6-D97A-4B50-9C33-96EFD24670A5}.Release|Any CPU.Build.0 = Release|Any CPU
		{051A942E-C29D-4B44-8855-F7FF54043C9E}.Debug|Any CPU.ActiveCfg = Debug|Any CPU
		{051A942E-C29D-4B44-8855-F7FF54043C9E}.Debug|Any CPU.Build.0 = Debug|Any CPU
		{051A942E-C29D-4B44-8855-F7FF54043C9E}.Release|Any CPU.ActiveCfg = Release|Any CPU
		{051A942E-C29D-4B44-8855-F7FF54043C9E}.Release|Any CPU.Build.0 = Release|Any CPU
		{18DA791B-08F2-425F-8810-E7F1228FAC46}.Debug|Any CPU.ActiveCfg = Debug|Any CPU
		{18DA791B-08F2-425F-8810-E7F1228FAC46}.Debug|Any CPU.Build.0 = Debug|Any CPU
		{18DA791B-08F2-425F-8810-E7F1228FAC46}.Release|Any CPU.ActiveCfg = Release|Any CPU
		{18DA791B-08F2-425F-8810-E7F1228FAC46}.Release|Any CPU.Build.0 = Release|Any CPU
		{F39F06FF-DE79-4726-B8AB-946A493A8ABB}.Debug|Any CPU.ActiveCfg = Debug|Any CPU
		{F39F06FF-DE79-4726-B8AB-946A493A8ABB}.Debug|Any CPU.Build.0 = Debug|Any CPU
		{F39F06FF-DE79-4726-B8AB-946A493A8ABB}.Release|Any CPU.ActiveCfg = Release|Any CPU
		{F39F06FF-DE79-4726-B8AB-946A493A8ABB}.Release|Any CPU.Build.0 = Release|Any CPU
	EndGlobalSection
	GlobalSection(SolutionProperties) = preSolution
		HideSolutionNode = FALSE
	EndGlobalSection
	GlobalSection(ExtensibilityGlobals) = postSolution
		SolutionGuid = {27412C61-E5E8-4ABF-92E9-C459ADA24D43}
	EndGlobalSection
EndGlobal
